// !$*UTF8*$!
{
	archiveVersion = 1;
	classes = {
	};
	objectVersion = 46;
	objects = {

/* Begin PBXBuildFile section */
		6F46C995194CB05D00461242 /* Foundation.framework in Frameworks */ = {isa = PBXBuildFile; fileRef = 6F46C994194CB05D00461242 /* Foundation.framework */; };
		6F46C997194CB05D00461242 /* CoreGraphics.framework in Frameworks */ = {isa = PBXBuildFile; fileRef = 6F46C996194CB05D00461242 /* CoreGraphics.framework */; };
		6F46C999194CB05D00461242 /* UIKit.framework in Frameworks */ = {isa = PBXBuildFile; fileRef = 6F46C998194CB05D00461242 /* UIKit.framework */; };
		6F46C99F194CB05D00461242 /* InfoPlist.strings in Resources */ = {isa = PBXBuildFile; fileRef = 6F46C99D194CB05D00461242 /* InfoPlist.strings */; };
		6F46C9A1194CB05D00461242 /* main.m in Sources */ = {isa = PBXBuildFile; fileRef = 6F46C9A0194CB05D00461242 /* main.m */; };
		6F46C9A5194CB05D00461242 /* KHLAppDelegate.m in Sources */ = {isa = PBXBuildFile; fileRef = 6F46C9A4194CB05D00461242 /* KHLAppDelegate.m */; };
		6F46C9A8194CB05D00461242 /* Main_iPhone.storyboard in Resources */ = {isa = PBXBuildFile; fileRef = 6F46C9A6194CB05D00461242 /* Main_iPhone.storyboard */; };
		6F46C9AB194CB05D00461242 /* Main_iPad.storyboard in Resources */ = {isa = PBXBuildFile; fileRef = 6F46C9A9194CB05D00461242 /* Main_iPad.storyboard */; };
		6F46C9B3194CB05D00461242 /* Images.xcassets in Resources */ = {isa = PBXBuildFile; fileRef = 6F46C9B2194CB05D00461242 /* Images.xcassets */; };
		6F46C9BA194CB05D00461242 /* XCTest.framework in Frameworks */ = {isa = PBXBuildFile; fileRef = 6F46C9B9194CB05D00461242 /* XCTest.framework */; };
		6F46C9BB194CB05D00461242 /* Foundation.framework in Frameworks */ = {isa = PBXBuildFile; fileRef = 6F46C994194CB05D00461242 /* Foundation.framework */; };
		6F46C9BC194CB05D00461242 /* UIKit.framework in Frameworks */ = {isa = PBXBuildFile; fileRef = 6F46C998194CB05D00461242 /* UIKit.framework */; };
		6F46C9C4194CB05D00461242 /* InfoPlist.strings in Resources */ = {isa = PBXBuildFile; fileRef = 6F46C9C2194CB05D00461242 /* InfoPlist.strings */; };
		6F46C9C6194CB05D00461242 /* KHLTests.m in Sources */ = {isa = PBXBuildFile; fileRef = 6F46C9C5194CB05D00461242 /* KHLTests.m */; };
		6F46C9D0194CB76000461242 /* phone2-50.png in Resources */ = {isa = PBXBuildFile; fileRef = 6F46C9CF194CB76000461242 /* phone2-50.png */; };
		6FCBF618194CFE2900C06126 /* step_1_updated_2012.jpg in Resources */ = {isa = PBXBuildFile; fileRef = 6FCBF614194CFE2900C06126 /* step_1_updated_2012.jpg */; };
		6FCBF619194CFE2900C06126 /* step_2_updated_2012.jpg in Resources */ = {isa = PBXBuildFile; fileRef = 6FCBF615194CFE2900C06126 /* step_2_updated_2012.jpg */; };
		6FCBF61A194CFE2900C06126 /* step_3_updated_2012.jpg in Resources */ = {isa = PBXBuildFile; fileRef = 6FCBF616194CFE2900C06126 /* step_3_updated_2012.jpg */; };
		6FCBF61B194CFE2900C06126 /* step_4_updated_2012-261x248.jpg in Resources */ = {isa = PBXBuildFile; fileRef = 6FCBF617194CFE2900C06126 /* step_4_updated_2012-261x248.jpg */; };
		6FCBF624194D107E00C06126 /* KHLHomeViewController.m in Sources */ = {isa = PBXBuildFile; fileRef = 6FCBF623194D107E00C06126 /* KHLHomeViewController.m */; };
		6FCBF627194D10B000C06126 /* KHLEmergencyCallViewController.m in Sources */ = {isa = PBXBuildFile; fileRef = 6FCBF626194D10B000C06126 /* KHLEmergencyCallViewController.m */; };
		6FEB081A194D2FDD00D7D92A /* mdinhale.gif in Resources */ = {isa = PBXBuildFile; fileRef = 6FEB0819194D2FDD00D7D92A /* mdinhale.gif */; };
		6FEB081D194D321500D7D92A /* KHLProfileViewController.m in Sources */ = {isa = PBXBuildFile; fileRef = 6FEB081C194D321500D7D92A /* KHLProfileViewController.m */; };
		6FEB0826194D634F00D7D92A /* bully-1.jpg in Resources */ = {isa = PBXBuildFile; fileRef = 6FEB081E194D634F00D7D92A /* bully-1.jpg */; };
		6FEB0827194D634F00D7D92A /* children-cold-remedy.jpg in Resources */ = {isa = PBXBuildFile; fileRef = 6FEB081F194D634F00D7D92A /* children-cold-remedy.jpg */; };
		6FEB0828194D634F00D7D92A /* eczemahands.jpg in Resources */ = {isa = PBXBuildFile; fileRef = 6FEB0820194D634F00D7D92A /* eczemahands.jpg */; };
		6FEB0829194D634F00D7D92A /* free-tools-icon.jpg in Resources */ = {isa = PBXBuildFile; fileRef = 6FEB0821194D634F00D7D92A /* free-tools-icon.jpg */; };
		6FEB082A194D634F00D7D92A /* game.png in Resources */ = {isa = PBXBuildFile; fileRef = 6FEB0822194D634F00D7D92A /* game.png */; };
		6FEB082B194D634F00D7D92A /* icon-taste.png in Resources */ = {isa = PBXBuildFile; fileRef = 6FEB0823194D634F00D7D92A /* icon-taste.png */; };
		6FEB082C194D634F00D7D92A /* stock-photo-abuse-word-letters-with-vintage-grunge-type-160114049.jpg in Resources */ = {isa = PBXBuildFile; fileRef = 6FEB0824194D634F00D7D92A /* stock-photo-abuse-word-letters-with-vintage-grunge-type-160114049.jpg */; };
		6FEB082D194D634F00D7D92A /* teststress1.gif in Resources */ = {isa = PBXBuildFile; fileRef = 6FEB0825194D634F00D7D92A /* teststress1.gif */; };
/* End PBXBuildFile section */

/* Begin PBXContainerItemProxy section */
		6F46C9BD194CB05D00461242 /* PBXContainerItemProxy */ = {
			isa = PBXContainerItemProxy;
			containerPortal = 6F46C989194CB05D00461242 /* Project object */;
			proxyType = 1;
			remoteGlobalIDString = 6F46C990194CB05D00461242;
			remoteInfo = KHL;
		};
/* End PBXContainerItemProxy section */

/* Begin PBXFileReference section */
		6F46C991194CB05D00461242 /* Safe me.app */ = {isa = PBXFileReference; explicitFileType = wrapper.application; includeInIndex = 0; path = "Safe me.app"; sourceTree = BUILT_PRODUCTS_DIR; };
		6F46C994194CB05D00461242 /* Foundation.framework */ = {isa = PBXFileReference; lastKnownFileType = wrapper.framework; name = Foundation.framework; path = System/Library/Frameworks/Foundation.framework; sourceTree = SDKROOT; };
		6F46C996194CB05D00461242 /* CoreGraphics.framework */ = {isa = PBXFileReference; lastKnownFileType = wrapper.framework; name = CoreGraphics.framework; path = System/Library/Frameworks/CoreGraphics.framework; sourceTree = SDKROOT; };
		6F46C998194CB05D00461242 /* UIKit.framework */ = {isa = PBXFileReference; lastKnownFileType = wrapper.framework; name = UIKit.framework; path = System/Library/Frameworks/UIKit.framework; sourceTree = SDKROOT; };
		6F46C99C194CB05D00461242 /* Safe me-Info.plist */ = {isa = PBXFileReference; lastKnownFileType = text.plist.xml; path = "Safe me-Info.plist"; sourceTree = "<group>"; };
		6F46C99E194CB05D00461242 /* en */ = {isa = PBXFileReference; lastKnownFileType = text.plist.strings; name = en; path = en.lproj/InfoPlist.strings; sourceTree = "<group>"; };
		6F46C9A0194CB05D00461242 /* main.m */ = {isa = PBXFileReference; lastKnownFileType = sourcecode.c.objc; path = main.m; sourceTree = "<group>"; };
		6F46C9A2194CB05D00461242 /* Safe me-Prefix.pch */ = {isa = PBXFileReference; lastKnownFileType = sourcecode.c.h; path = "Safe me-Prefix.pch"; sourceTree = "<group>"; };
		6F46C9A3194CB05D00461242 /* KHLAppDelegate.h */ = {isa = PBXFileReference; lastKnownFileType = sourcecode.c.h; path = KHLAppDelegate.h; sourceTree = "<group>"; };
		6F46C9A4194CB05D00461242 /* KHLAppDelegate.m */ = {isa = PBXFileReference; lastKnownFileType = sourcecode.c.objc; path = KHLAppDelegate.m; sourceTree = "<group>"; };
		6F46C9A7194CB05D00461242 /* Base */ = {isa = PBXFileReference; lastKnownFileType = file.storyboard; name = Base; path = Base.lproj/Main_iPhone.storyboard; sourceTree = "<group>"; };
		6F46C9AA194CB05D00461242 /* Base */ = {isa = PBXFileReference; lastKnownFileType = file.storyboard; name = Base; path = Base.lproj/Main_iPad.storyboard; sourceTree = "<group>"; };
		6F46C9B2194CB05D00461242 /* Images.xcassets */ = {isa = PBXFileReference; lastKnownFileType = folder.assetcatalog; path = Images.xcassets; sourceTree = "<group>"; };
		6F46C9B8194CB05D00461242 /* Safe meTests.xctest */ = {isa = PBXFileReference; explicitFileType = wrapper.cfbundle; includeInIndex = 0; path = "Safe meTests.xctest"; sourceTree = BUILT_PRODUCTS_DIR; };
		6F46C9B9194CB05D00461242 /* XCTest.framework */ = {isa = PBXFileReference; lastKnownFileType = wrapper.framework; name = XCTest.framework; path = Library/Frameworks/XCTest.framework; sourceTree = DEVELOPER_DIR; };
		6F46C9C1194CB05D00461242 /* Safe meTests-Info.plist */ = {isa = PBXFileReference; lastKnownFileType = text.plist.xml; path = "Safe meTests-Info.plist"; sourceTree = "<group>"; };
		6F46C9C3194CB05D00461242 /* en */ = {isa = PBXFileReference; lastKnownFileType = text.plist.strings; name = en; path = en.lproj/InfoPlist.strings; sourceTree = "<group>"; };
		6F46C9C5194CB05D00461242 /* KHLTests.m */ = {isa = PBXFileReference; lastKnownFileType = sourcecode.c.objc; path = KHLTests.m; sourceTree = "<group>"; };
		6F46C9CF194CB76000461242 /* phone2-50.png */ = {isa = PBXFileReference; lastKnownFileType = image.png; path = "phone2-50.png"; sourceTree = "<group>"; };
		6FCBF614194CFE2900C06126 /* step_1_updated_2012.jpg */ = {isa = PBXFileReference; lastKnownFileType = image.jpeg; path = step_1_updated_2012.jpg; sourceTree = "<group>"; };
		6FCBF615194CFE2900C06126 /* step_2_updated_2012.jpg */ = {isa = PBXFileReference; lastKnownFileType = image.jpeg; path = step_2_updated_2012.jpg; sourceTree = "<group>"; };
		6FCBF616194CFE2900C06126 /* step_3_updated_2012.jpg */ = {isa = PBXFileReference; lastKnownFileType = image.jpeg; path = step_3_updated_2012.jpg; sourceTree = "<group>"; };
		6FCBF617194CFE2900C06126 /* step_4_updated_2012-261x248.jpg */ = {isa = PBXFileReference; lastKnownFileType = image.jpeg; path = "step_4_updated_2012-261x248.jpg"; sourceTree = "<group>"; };
		6FCBF622194D107E00C06126 /* KHLHomeViewController.h */ = {isa = PBXFileReference; fileEncoding = 4; lastKnownFileType = sourcecode.c.h; path = KHLHomeViewController.h; sourceTree = "<group>"; };
		6FCBF623194D107E00C06126 /* KHLHomeViewController.m */ = {isa = PBXFileReference; fileEncoding = 4; lastKnownFileType = sourcecode.c.objc; path = KHLHomeViewController.m; sourceTree = "<group>"; };
		6FCBF625194D10B000C06126 /* KHLEmergencyCallViewController.h */ = {isa = PBXFileReference; fileEncoding = 4; lastKnownFileType = sourcecode.c.h; path = KHLEmergencyCallViewController.h; sourceTree = "<group>"; };
		6FCBF626194D10B000C06126 /* KHLEmergencyCallViewController.m */ = {isa = PBXFileReference; fileEncoding = 4; lastKnownFileType = sourcecode.c.objc; path = KHLEmergencyCallViewController.m; sourceTree = "<group>"; };
		6FEB0819194D2FDD00D7D92A /* mdinhale.gif */ = {isa = PBXFileReference; lastKnownFileType = image.gif; path = mdinhale.gif; sourceTree = "<group>"; };
		6FEB081B194D321500D7D92A /* KHLProfileViewController.h */ = {isa = PBXFileReference; fileEncoding = 4; lastKnownFileType = sourcecode.c.h; path = KHLProfileViewController.h; sourceTree = "<group>"; };
		6FEB081C194D321500D7D92A /* KHLProfileViewController.m */ = {isa = PBXFileReference; fileEncoding = 4; lastKnownFileType = sourcecode.c.objc; path = KHLProfileViewController.m; sourceTree = "<group>"; };
		6FEB081E194D634F00D7D92A /* bully-1.jpg */ = {isa = PBXFileReference; lastKnownFileType = image.jpeg; path = "bully-1.jpg"; sourceTree = "<group>"; };
		6FEB081F194D634F00D7D92A /* children-cold-remedy.jpg */ = {isa = PBXFileReference; lastKnownFileType = image.jpeg; path = "children-cold-remedy.jpg"; sourceTree = "<group>"; };
		6FEB0820194D634F00D7D92A /* eczemahands.jpg */ = {isa = PBXFileReference; lastKnownFileType = image.jpeg; path = eczemahands.jpg; sourceTree = "<group>"; };
		6FEB0821194D634F00D7D92A /* free-tools-icon.jpg */ = {isa = PBXFileReference; lastKnownFileType = image.jpeg; path = "free-tools-icon.jpg"; sourceTree = "<group>"; };
		6FEB0822194D634F00D7D92A /* game.png */ = {isa = PBXFileReference; lastKnownFileType = image.png; path = game.png; sourceTree = "<group>"; };
		6FEB0823194D634F00D7D92A /* icon-taste.png */ = {isa = PBXFileReference; lastKnownFileType = image.png; path = "icon-taste.png"; sourceTree = "<group>"; };
		6FEB0824194D634F00D7D92A /* stock-photo-abuse-word-letters-with-vintage-grunge-type-160114049.jpg */ = {isa = PBXFileReference; lastKnownFileType = image.jpeg; path = "stock-photo-abuse-word-letters-with-vintage-grunge-type-160114049.jpg"; sourceTree = "<group>"; };
		6FEB0825194D634F00D7D92A /* teststress1.gif */ = {isa = PBXFileReference; lastKnownFileType = image.gif; path = teststress1.gif; sourceTree = "<group>"; };
/* End PBXFileReference section */

/* Begin PBXFrameworksBuildPhase section */
		6F46C98E194CB05D00461242 /* Frameworks */ = {
			isa = PBXFrameworksBuildPhase;
			buildActionMask = 2147483647;
			files = (
				6F46C997194CB05D00461242 /* CoreGraphics.framework in Frameworks */,
				6F46C999194CB05D00461242 /* UIKit.framework in Frameworks */,
				6F46C995194CB05D00461242 /* Foundation.framework in Frameworks */,
			);
			runOnlyForDeploymentPostprocessing = 0;
		};
		6F46C9B5194CB05D00461242 /* Frameworks */ = {
			isa = PBXFrameworksBuildPhase;
			buildActionMask = 2147483647;
			files = (
				6F46C9BA194CB05D00461242 /* XCTest.framework in Frameworks */,
				6F46C9BC194CB05D00461242 /* UIKit.framework in Frameworks */,
				6F46C9BB194CB05D00461242 /* Foundation.framework in Frameworks */,
			);
			runOnlyForDeploymentPostprocessing = 0;
		};
/* End PBXFrameworksBuildPhase section */

/* Begin PBXGroup section */
		6F46C988194CB05D00461242 = {
			isa = PBXGroup;
			children = (
				6F46C99A194CB05D00461242 /* KHL */,
				6F46C9BF194CB05D00461242 /* KHLTests */,
				6F46C993194CB05D00461242 /* Frameworks */,
				6F46C992194CB05D00461242 /* Products */,
				6F46C9CF194CB76000461242 /* phone2-50.png */,
				6FCBF614194CFE2900C06126 /* step_1_updated_2012.jpg */,
				6FCBF615194CFE2900C06126 /* step_2_updated_2012.jpg */,
				6FCBF616194CFE2900C06126 /* step_3_updated_2012.jpg */,
				6FCBF617194CFE2900C06126 /* step_4_updated_2012-261x248.jpg */,
				6FEB0819194D2FDD00D7D92A /* mdinhale.gif */,
				6FEB081E194D634F00D7D92A /* bully-1.jpg */,
				6FEB081F194D634F00D7D92A /* children-cold-remedy.jpg */,
				6FEB0820194D634F00D7D92A /* eczemahands.jpg */,
				6FEB0821194D634F00D7D92A /* free-tools-icon.jpg */,
				6FEB0822194D634F00D7D92A /* game.png */,
				6FEB0823194D634F00D7D92A /* icon-taste.png */,
				6FEB0824194D634F00D7D92A /* stock-photo-abuse-word-letters-with-vintage-grunge-type-160114049.jpg */,
				6FEB0825194D634F00D7D92A /* teststress1.gif */,
			);
			sourceTree = "<group>";
		};
		6F46C992194CB05D00461242 /* Products */ = {
			isa = PBXGroup;
			children = (
				6F46C991194CB05D00461242 /* Safe me.app */,
				6F46C9B8194CB05D00461242 /* Safe meTests.xctest */,
			);
			name = Products;
			sourceTree = "<group>";
		};
		6F46C993194CB05D00461242 /* Frameworks */ = {
			isa = PBXGroup;
			children = (
				6F46C994194CB05D00461242 /* Foundation.framework */,
				6F46C996194CB05D00461242 /* CoreGraphics.framework */,
				6F46C998194CB05D00461242 /* UIKit.framework */,
				6F46C9B9194CB05D00461242 /* XCTest.framework */,
			);
			name = Frameworks;
			sourceTree = "<group>";
		};
		6F46C99A194CB05D00461242 /* KHL */ = {
			isa = PBXGroup;
			children = (
				6F46C9A3194CB05D00461242 /* KHLAppDelegate.h */,
				6F46C9A4194CB05D00461242 /* KHLAppDelegate.m */,
				6F46C9A6194CB05D00461242 /* Main_iPhone.storyboard */,
				6FCBF622194D107E00C06126 /* KHLHomeViewController.h */,
				6FCBF623194D107E00C06126 /* KHLHomeViewController.m */,
				6FCBF625194D10B000C06126 /* KHLEmergencyCallViewController.h */,
				6FCBF626194D10B000C06126 /* KHLEmergencyCallViewController.m */,
				6FEB081B194D321500D7D92A /* KHLProfileViewController.h */,
				6FEB081C194D321500D7D92A /* KHLProfileViewController.m */,
				6F46C9A9194CB05D00461242 /* Main_iPad.storyboard */,
				6F46C9B2194CB05D00461242 /* Images.xcassets */,
				6F46C99B194CB05D00461242 /* Supporting Files */,
			);
			path = KHL;
			sourceTree = "<group>";
		};
		6F46C99B194CB05D00461242 /* Supporting Files */ = {
			isa = PBXGroup;
			children = (
				6F46C99C194CB05D00461242 /* Safe me-Info.plist */,
				6F46C99D194CB05D00461242 /* InfoPlist.strings */,
				6F46C9A0194CB05D00461242 /* main.m */,
				6F46C9A2194CB05D00461242 /* Safe me-Prefix.pch */,
			);
			name = "Supporting Files";
			sourceTree = "<group>";
		};
		6F46C9BF194CB05D00461242 /* KHLTests */ = {
			isa = PBXGroup;
			children = (
				6F46C9C5194CB05D00461242 /* KHLTests.m */,
				6F46C9C0194CB05D00461242 /* Supporting Files */,
			);
			path = KHLTests;
			sourceTree = "<group>";
		};
		6F46C9C0194CB05D00461242 /* Supporting Files */ = {
			isa = PBXGroup;
			children = (
				6F46C9C1194CB05D00461242 /* Safe meTests-Info.plist */,
				6F46C9C2194CB05D00461242 /* InfoPlist.strings */,
			);
			name = "Supporting Files";
			sourceTree = "<group>";
		};
/* End PBXGroup section */

/* Begin PBXNativeTarget section */
		6F46C990194CB05D00461242 /* Safe me */ = {
			isa = PBXNativeTarget;
			buildConfigurationList = 6F46C9C9194CB05D00461242 /* Build configuration list for PBXNativeTarget "Safe me" */;
			buildPhases = (
				6F46C98D194CB05D00461242 /* Sources */,
				6F46C98E194CB05D00461242 /* Frameworks */,
				6F46C98F194CB05D00461242 /* Resources */,
			);
			buildRules = (
			);
			dependencies = (
			);
			name = "Safe me";
			productName = KHL;
			productReference = 6F46C991194CB05D00461242 /* Safe me.app */;
			productType = "com.apple.product-type.application";
		};
		6F46C9B7194CB05D00461242 /* Safe meTests */ = {
			isa = PBXNativeTarget;
			buildConfigurationList = 6F46C9CC194CB05D00461242 /* Build configuration list for PBXNativeTarget "Safe meTests" */;
			buildPhases = (
				6F46C9B4194CB05D00461242 /* Sources */,
				6F46C9B5194CB05D00461242 /* Frameworks */,
				6F46C9B6194CB05D00461242 /* Resources */,
			);
			buildRules = (
			);
			dependencies = (
				6F46C9BE194CB05D00461242 /* PBXTargetDependency */,
			);
			name = "Safe meTests";
			productName = KHLTests;
			productReference = 6F46C9B8194CB05D00461242 /* Safe meTests.xctest */;
			productType = "com.apple.product-type.bundle.unit-test";
		};
/* End PBXNativeTarget section */

/* Begin PBXProject section */
		6F46C989194CB05D00461242 /* Project object */ = {
			isa = PBXProject;
			attributes = {
				CLASSPREFIX = KHL;
				LastUpgradeCheck = 0510;
				ORGANIZATIONNAME = KHL;
				TargetAttributes = {
					6F46C9B7194CB05D00461242 = {
						TestTargetID = 6F46C990194CB05D00461242;
					};
				};
			};
			buildConfigurationList = 6F46C98C194CB05D00461242 /* Build configuration list for PBXProject "Safe me" */;
			compatibilityVersion = "Xcode 3.2";
			developmentRegion = English;
			hasScannedForEncodings = 0;
			knownRegions = (
				en,
				Base,
			);
			mainGroup = 6F46C988194CB05D00461242;
			productRefGroup = 6F46C992194CB05D00461242 /* Products */;
			projectDirPath = "";
			projectRoot = "";
			targets = (
				6F46C990194CB05D00461242 /* Safe me */,
				6F46C9B7194CB05D00461242 /* Safe meTests */,
			);
		};
/* End PBXProject section */

/* Begin PBXResourcesBuildPhase section */
		6F46C98F194CB05D00461242 /* Resources */ = {
			isa = PBXResourcesBuildPhase;
			buildActionMask = 2147483647;
			files = (
				6FEB082C194D634F00D7D92A /* stock-photo-abuse-word-letters-with-vintage-grunge-type-160114049.jpg in Resources */,
				6FCBF618194CFE2900C06126 /* step_1_updated_2012.jpg in Resources */,
				6FEB0828194D634F00D7D92A /* eczemahands.jpg in Resources */,
				6F46C9AB194CB05D00461242 /* Main_iPad.storyboard in Resources */,
				6FEB0827194D634F00D7D92A /* children-cold-remedy.jpg in Resources */,
				6F46C9B3194CB05D00461242 /* Images.xcassets in Resources */,
				6FCBF619194CFE2900C06126 /* step_2_updated_2012.jpg in Resources */,
				6FCBF61B194CFE2900C06126 /* step_4_updated_2012-261x248.jpg in Resources */,
				6F46C9D0194CB76000461242 /* phone2-50.png in Resources */,
				6FEB082B194D634F00D7D92A /* icon-taste.png in Resources */,
				6FEB081A194D2FDD00D7D92A /* mdinhale.gif in Resources */,
				6FEB0826194D634F00D7D92A /* bully-1.jpg in Resources */,
				6F46C9A8194CB05D00461242 /* Main_iPhone.storyboard in Resources */,
				6FEB082A194D634F00D7D92A /* game.png in Resources */,
				6FCBF61A194CFE2900C06126 /* step_3_updated_2012.jpg in Resources */,
				6FEB0829194D634F00D7D92A /* free-tools-icon.jpg in Resources */,
				6FEB082D194D634F00D7D92A /* teststress1.gif in Resources */,
				6F46C99F194CB05D00461242 /* InfoPlist.strings in Resources */,
			);
			runOnlyForDeploymentPostprocessing = 0;
		};
		6F46C9B6194CB05D00461242 /* Resources */ = {
			isa = PBXResourcesBuildPhase;
			buildActionMask = 2147483647;
			files = (
				6F46C9C4194CB05D00461242 /* InfoPlist.strings in Resources */,
			);
			runOnlyForDeploymentPostprocessing = 0;
		};
/* End PBXResourcesBuildPhase section */

/* Begin PBXSourcesBuildPhase section */
		6F46C98D194CB05D00461242 /* Sources */ = {
			isa = PBXSourcesBuildPhase;
			buildActionMask = 2147483647;
			files = (
				6FCBF627194D10B000C06126 /* KHLEmergencyCallViewController.m in Sources */,
				6FCBF624194D107E00C06126 /* KHLHomeViewController.m in Sources */,
				6F46C9A5194CB05D00461242 /* KHLAppDelegate.m in Sources */,
				6F46C9A1194CB05D00461242 /* main.m in Sources */,
				6FEB081D194D321500D7D92A /* KHLProfileViewController.m in Sources */,
			);
			runOnlyForDeploymentPostprocessing = 0;
		};
		6F46C9B4194CB05D00461242 /* Sources */ = {
			isa = PBXSourcesBuildPhase;
			buildActionMask = 2147483647;
			files = (
				6F46C9C6194CB05D00461242 /* KHLTests.m in Sources */,
			);
			runOnlyForDeploymentPostprocessing = 0;
		};
/* End PBXSourcesBuildPhase section */

/* Begin PBXTargetDependency section */
		6F46C9BE194CB05D00461242 /* PBXTargetDependency */ = {
			isa = PBXTargetDependency;
			target = 6F46C990194CB05D00461242 /* Safe me */;
			targetProxy = 6F46C9BD194CB05D00461242 /* PBXContainerItemProxy */;
		};
/* End PBXTargetDependency section */

/* Begin PBXVariantGroup section */
		6F46C99D194CB05D00461242 /* InfoPlist.strings */ = {
			isa = PBXVariantGroup;
			children = (
				6F46C99E194CB05D00461242 /* en */,
			);
			name = InfoPlist.strings;
			sourceTree = "<group>";
		};
		6F46C9A6194CB05D00461242 /* Main_iPhone.storyboard */ = {
			isa = PBXVariantGroup;
			children = (
				6F46C9A7194CB05D00461242 /* Base */,
			);
			name = Main_iPhone.storyboard;
			sourceTree = "<group>";
		};
		6F46C9A9194CB05D00461242 /* Main_iPad.storyboard */ = {
			isa = PBXVariantGroup;
			children = (
				6F46C9AA194CB05D00461242 /* Base */,
			);
			name = Main_iPad.storyboard;
			sourceTree = "<group>";
		};
		6F46C9C2194CB05D00461242 /* InfoPlist.strings */ = {
			isa = PBXVariantGroup;
			children = (
				6F46C9C3194CB05D00461242 /* en */,
			);
			name = InfoPlist.strings;
			sourceTree = "<group>";
		};
/* End PBXVariantGroup section */

/* Begin XCBuildConfiguration section */
		6F46C9C7194CB05D00461242 /* Debug */ = {
			isa = XCBuildConfiguration;
			buildSettings = {
				ALWAYS_SEARCH_USER_PATHS = NO;
				CLANG_CXX_LANGUAGE_STANDARD = "gnu++0x";
				CLANG_CXX_LIBRARY = "libc++";
				CLANG_ENABLE_MODULES = YES;
				CLANG_ENABLE_OBJC_ARC = YES;
				CLANG_WARN_BOOL_CONVERSION = YES;
				CLANG_WARN_CONSTANT_CONVERSION = YES;
				CLANG_WARN_DIRECT_OBJC_ISA_USAGE = YES_ERROR;
				CLANG_WARN_EMPTY_BODY = YES;
				CLANG_WARN_ENUM_CONVERSION = YES;
				CLANG_WARN_INT_CONVERSION = YES;
				CLANG_WARN_OBJC_ROOT_CLASS = YES_ERROR;
				CLANG_WARN__DUPLICATE_METHOD_MATCH = YES;
				"CODE_SIGN_IDENTITY[sdk=iphoneos*]" = "iPhone Developer";
				COPY_PHASE_STRIP = NO;
				GCC_C_LANGUAGE_STANDARD = gnu99;
				GCC_DYNAMIC_NO_PIC = NO;
				GCC_OPTIMIZATION_LEVEL = 0;
				GCC_PREPROCESSOR_DEFINITIONS = (
					"DEBUG=1",
					"$(inherited)",
				);
				GCC_SYMBOLS_PRIVATE_EXTERN = NO;
				GCC_WARN_64_TO_32_BIT_CONVERSION = YES;
				GCC_WARN_ABOUT_RETURN_TYPE = YES_ERROR;
				GCC_WARN_UNDECLARED_SELECTOR = YES;
				GCC_WARN_UNINITIALIZED_AUTOS = YES_AGGRESSIVE;
				GCC_WARN_UNUSED_FUNCTION = YES;
				GCC_WARN_UNUSED_VARIABLE = YES;
				IPHONEOS_DEPLOYMENT_TARGET = 7.1;
				ONLY_ACTIVE_ARCH = YES;
				SDKROOT = iphoneos;
				TARGETED_DEVICE_FAMILY = "1,2";
			};
			name = Debug;
		};
		6F46C9C8194CB05D00461242 /* Release */ = {
			isa = XCBuildConfiguration;
			buildSettings = {
				ALWAYS_SEARCH_USER_PATHS = NO;
				CLANG_CXX_LANGUAGE_STANDARD = "gnu++0x";
				CLANG_CXX_LIBRARY = "libc++";
				CLANG_ENABLE_MODULES = YES;
				CLANG_ENABLE_OBJC_ARC = YES;
				CLANG_WARN_BOOL_CONVERSION = YES;
				CLANG_WARN_CONSTANT_CONVERSION = YES;
				CLANG_WARN_DIRECT_OBJC_ISA_USAGE = YES_ERROR;
				CLANG_WARN_EMPTY_BODY = YES;
				CLANG_WARN_ENUM_CONVERSION = YES;
				CLANG_WARN_INT_CONVERSION = YES;
				CLANG_WARN_OBJC_ROOT_CLASS = YES_ERROR;
				CLANG_WARN__DUPLICATE_METHOD_MATCH = YES;
				"CODE_SIGN_IDENTITY[sdk=iphoneos*]" = "iPhone Developer";
				COPY_PHASE_STRIP = YES;
				ENABLE_NS_ASSERTIONS = NO;
				GCC_C_LANGUAGE_STANDARD = gnu99;
				GCC_WARN_64_TO_32_BIT_CONVERSION = YES;
				GCC_WARN_ABOUT_RETURN_TYPE = YES_ERROR;
				GCC_WARN_UNDECLARED_SELECTOR = YES;
				GCC_WARN_UNINITIALIZED_AUTOS = YES_AGGRESSIVE;
				GCC_WARN_UNUSED_FUNCTION = YES;
				GCC_WARN_UNUSED_VARIABLE = YES;
				IPHONEOS_DEPLOYMENT_TARGET = 7.1;
				SDKROOT = iphoneos;
				TARGETED_DEVICE_FAMILY = "1,2";
				VALIDATE_PRODUCT = YES;
			};
			name = Release;
		};
		6F46C9CA194CB05D00461242 /* Debug */ = {
			isa = XCBuildConfiguration;
			buildSettings = {
				ASSETCATALOG_COMPILER_APPICON_NAME = AppIcon;
				ASSETCATALOG_COMPILER_LAUNCHIMAGE_NAME = LaunchImage;
				GCC_PRECOMPILE_PREFIX_HEADER = YES;
				GCC_PREFIX_HEADER = "KHL/Safe me-Prefix.pch";
				INFOPLIST_FILE = "KHL/Safe me-Info.plist";
				PRODUCT_NAME = "Safe me";
				WRAPPER_EXTENSION = app;
			};
			name = Debug;
		};
		6F46C9CB194CB05D00461242 /* Release */ = {
			isa = XCBuildConfiguration;
			buildSettings = {
				ASSETCATALOG_COMPILER_APPICON_NAME = AppIcon;
				ASSETCATALOG_COMPILER_LAUNCHIMAGE_NAME = LaunchImage;
				GCC_PRECOMPILE_PREFIX_HEADER = YES;
				GCC_PREFIX_HEADER = "KHL/Safe me-Prefix.pch";
				INFOPLIST_FILE = "KHL/Safe me-Info.plist";
				PRODUCT_NAME = "Safe me";
				WRAPPER_EXTENSION = app;
			};
			name = Release;
		};
		6F46C9CD194CB05D00461242 /* Debug */ = {
			isa = XCBuildConfiguration;
			buildSettings = {
				BUNDLE_LOADER = "$(BUILT_PRODUCTS_DIR)/KHL.app/KHL";
				FRAMEWORK_SEARCH_PATHS = (
					"$(SDKROOT)/Developer/Library/Frameworks",
					"$(inherited)",
					"$(DEVELOPER_FRAMEWORKS_DIR)",
				);
				GCC_PRECOMPILE_PREFIX_HEADER = YES;
				GCC_PREFIX_HEADER = "KHL/KHL-Prefix.pch";
				GCC_PREPROCESSOR_DEFINITIONS = (
					"DEBUG=1",
					"$(inherited)",
				);
				INFOPLIST_FILE = "KHLTests/Safe meTests-Info.plist";
				PRODUCT_NAME = "Safe meTests";
				TEST_HOST = "$(BUNDLE_LOADER)";
				WRAPPER_EXTENSION = xctest;
			};
			name = Debug;
		};
		6F46C9CE194CB05D00461242 /* Release */ = {
			isa = XCBuildConfiguration;
			buildSettings = {
				BUNDLE_LOADER = "$(BUILT_PRODUCTS_DIR)/KHL.app/KHL";
				FRAMEWORK_SEARCH_PATHS = (
					"$(SDKROOT)/Developer/Library/Frameworks",
					"$(inherited)",
					"$(DEVELOPER_FRAMEWORKS_DIR)",
				);
				GCC_PRECOMPILE_PREFIX_HEADER = YES;
				GCC_PREFIX_HEADER = "KHL/KHL-Prefix.pch";
				INFOPLIST_FILE = "KHLTests/Safe meTests-Info.plist";
				PRODUCT_NAME = "Safe meTests";
				TEST_HOST = "$(BUNDLE_LOADER)";
				WRAPPER_EXTENSION = xctest;
			};
			name = Release;
		};
/* End XCBuildConfiguration section */

/* Begin XCConfigurationList section */
		6F46C98C194CB05D00461242 /* Build configuration list for PBXProject "Safe me" */ = {
			isa = XCConfigurationList;
			buildConfigurations = (
				6F46C9C7194CB05D00461242 /* Debug */,
				6F46C9C8194CB05D00461242 /* Release */,
			);
			defaultConfigurationIsVisible = 0;
			defaultConfigurationName = Release;
		};
		6F46C9C9194CB05D00461242 /* Build configuration list for PBXNativeTarget "Safe me" */ = {
			isa = XCConfigurationList;
			buildConfigurations = (
				6F46C9CA194CB05D00461242 /* Debug */,
				6F46C9CB194CB05D00461242 /* Release */,
			);
			defaultConfigurationIsVisible = 0;
			defaultConfigurationName = Release;
		};
		6F46C9CC194CB05D00461242 /* Build configuration list for PBXNativeTarget "Safe meTests" */ = {
			isa = XCConfigurationList;
			buildConfigurations = (
				6F46C9CD194CB05D00461242 /* Debug */,
				6F46C9CE194CB05D00461242 /* Release */,
			);
			defaultConfigurationIsVisible = 0;
			defaultConfigurationName = Release;
		};
/* End XCConfigurationList section */
	};
	rootObject = 6F46C989194CB05D00461242 /* Project object */;
}
